
Microsoft Visual Studio Solution File, Format Version 12.00
# Visual Studio Version 16
VisualStudioVersion = 16.0.32929.386
MinimumVisualStudioVersion = 10.0.40219.1
Project("{FAE04EC0-301F-11D3-BF4B-00C04F79EFBC}") = "CelciusKelvinCalculator", "CelciusKelvinCalculator\CelciusKelvinCalculator.csproj", "{683FE154-127B-4D94-BAC0-40138136329D}"
EndProject
Global
	GlobalSection(SolutionConfigurationPlatforms) = preSolution
		Debug|Any CPU = Debug|Any CPU
		Release|Any CPU = Release|Any CPU
	EndGlobalSection
	GlobalSection(ProjectConfigurationPlatforms) = postSolution
		{683FE154-127B-4D94-BAC0-40138136329D}.Debug|Any CPU.ActiveCfg = Debug|Any CPU
		{683FE154-127B-4D94-BAC0-40138136329D}.Debug|Any CPU.Build.0 = Debug|Any CPU
		{683FE154-127B-4D94-BAC0-40138136329D}.Release|Any CPU.ActiveCfg = Release|Any CPU
		{683FE154-127B-4D94-BAC0-40138136329D}.Release|Any CPU.Build.0 = Release|Any CPU
	EndGlobalSection
	GlobalSection(SolutionProperties) = preSolution
		HideSolutionNode = FALSE
	EndGlobalSection
	GlobalSection(ExtensibilityGlobals) = postSolution
		SolutionGuid = {AC12FF9D-4AEC-4297-8131-0937638EDA8E}
	EndGlobalSection
EndGlobal
